
Microsoft Visual Studio Solution File, Format Version 12.00
# Visual Studio Version 17
VisualStudioVersion = 17.5.33627.172
MinimumVisualStudioVersion = 10.0.40219.1
Project("{FAE04EC0-301F-11D3-BF4B-00C04F79EFBC}") = "kosar2004", "kosar2004\kosar2004.csproj", "{D206689B-D6E2-4CFF-BF8A-6A6E445C0213}"
EndProject
Global
	GlobalSection(SolutionConfigurationPlatforms) = preSolution
		Debug|Any CPU = Debug|Any CPU
		Release|Any CPU = Release|Any CPU
	EndGlobalSection
	GlobalSection(ProjectConfigurationPlatforms) = postSolution
		{D206689B-D6E2-4CFF-BF8A-6A6E445C0213}.Debug|Any CPU.ActiveCfg = Debug|Any CPU
		{D206689B-D6E2-4CFF-BF8A-6A6E445C0213}.Debug|Any CPU.Build.0 = Debug|Any CPU
		{D206689B-D6E2-4CFF-BF8A-6A6E445C0213}.Release|Any CPU.ActiveCfg = Release|Any CPU
		{D206689B-D6E2-4CFF-BF8A-6A6E445C0213}.Release|Any CPU.Build.0 = Release|Any CPU
	EndGlobalSection
	GlobalSection(SolutionProperties) = preSolution
		HideSolutionNode = FALSE
	EndGlobalSection
	GlobalSection(ExtensibilityGlobals) = postSolution
		SolutionGuid = {EE9994A9-90CC-479A-BFB2-0310DB01C8B7}
	EndGlobalSection
EndGlobal
